{
  "lockfileVersion": 1,
  "workspaces": {
    "": {
      "name": "ai-proxy",
      "devDependencies": {
        "@cloudflare/workers-types": "^4.20240208.0",
        "@tauri-apps/cli": "^2.0.0",
        "hono": "^4.0.5",
        "typescript": "^5.0.0",
      },
    },
  },
  "packages": {
    "@cloudflare/workers-types": ["@cloudflare/workers-types@4.20241011.0", "", {}, "sha512-emwBnuFB/2lS1z6NXAeBqrSL8Xwnr7YpgdLuchOmgu/igqBsLLNPBb4Qmgh3neFWUe9wbzQyx030836YF3c3Xw=="],

    "@tauri-apps/cli": ["@tauri-apps/cli@2.2.7", "", { "optionalDependencies": { "@tauri-apps/cli-darwin-arm64": "2.2.7", "@tauri-apps/cli-darwin-x64": "2.2.7", "@tauri-apps/cli-linux-arm-gnueabihf": "2.2.7", "@tauri-apps/cli-linux-arm64-gnu": "2.2.7", "@tauri-apps/cli-linux-arm64-musl": "2.2.7", "@tauri-apps/cli-linux-x64-gnu": "2.2.7", "@tauri-apps/cli-linux-x64-musl": "2.2.7", "@tauri-apps/cli-win32-arm64-msvc": "2.2.7", "@tauri-apps/cli-win32-ia32-msvc": "2.2.7", "@tauri-apps/cli-win32-x64-msvc": "2.2.7" }, "bin": { "tauri": "tauri.js" } }, "sha512-ZnsS2B4BplwXP37celanNANiIy8TCYhvg5RT09n72uR/o+navFZtGpFSqljV8fy1Y4ixIPds8FrGSXJCN2BerA=="],

    "@tauri-apps/cli-darwin-arm64": ["@tauri-apps/cli-darwin-arm64@2.2.7", "", { "os": "darwin", "cpu": "arm64" }, "sha512-54kcpxZ3X1Rq+pPTzk3iIcjEVY4yv493uRx/80rLoAA95vAC0c//31Whz75UVddDjJfZvXlXZ3uSZ+bnCOnt0A=="],

    "@tauri-apps/cli-darwin-x64": ["@tauri-apps/cli-darwin-x64@2.2.7", "", { "os": "darwin", "cpu": "x64" }, "sha512-Vgu2XtBWemLnarB+6LqQeLanDlRj7CeFN//H8bVVdjbNzxcSxsvbLYMBP8+3boa7eBnjDrqMImRySSgL6IrwTw=="],

    "@tauri-apps/cli-linux-arm-gnueabihf": ["@tauri-apps/cli-linux-arm-gnueabihf@2.2.7", "", { "os": "linux", "cpu": "arm" }, "sha512-+Clha2iQAiK9zoY/KKW0KLHkR0k36O78YLx5Sl98tWkwI3OBZFg5H5WT1plH/4sbZIS2aLFN6dw58/JlY9Bu/g=="],

    "@tauri-apps/cli-linux-arm64-gnu": ["@tauri-apps/cli-linux-arm64-gnu@2.2.7", "", { "os": "linux", "cpu": "arm64" }, "sha512-Z/Lp4SQe6BUEOays9BQAEum2pvZF4w9igyXijP+WbkOejZx4cDvarFJ5qXrqSLmBh7vxrdZcLwoLk9U//+yQrg=="],

    "@tauri-apps/cli-linux-arm64-musl": ["@tauri-apps/cli-linux-arm64-musl@2.2.7", "", { "os": "linux", "cpu": "arm64" }, "sha512-+8HZ+txff/Y3YjAh80XcLXcX8kpGXVdr1P8AfjLHxHdS6QD4Md+acSxGTTNbplmHuBaSHJvuTvZf9tU1eDCTDg=="],

    "@tauri-apps/cli-linux-x64-gnu": ["@tauri-apps/cli-linux-x64-gnu@2.2.7", "", { "os": "linux", "cpu": "x64" }, "sha512-ahlSnuCnUntblp9dG7/w5ZWZOdzRFi3zl0oScgt7GF4KNAOEa7duADsxPA4/FT2hLRa0SvpqtD4IYFvCxoVv3Q=="],

    "@tauri-apps/cli-linux-x64-musl": ["@tauri-apps/cli-linux-x64-musl@2.2.7", "", { "os": "linux", "cpu": "x64" }, "sha512-+qKAWnJRSX+pjjRbKAQgTdFY8ecdcu8UdJ69i7wn3ZcRn2nMMzOO2LOMOTQV42B7/Q64D1pIpmZj9yblTMvadA=="],

    "@tauri-apps/cli-win32-arm64-msvc": ["@tauri-apps/cli-win32-arm64-msvc@2.2.7", "", { "os": "win32", "cpu": "arm64" }, "sha512-aa86nRnrwT04u9D9fhf5JVssuAZlUCCc8AjqQjqODQjMd4BMA2+d4K9qBMpEG/1kVh95vZaNsLogjEaqSTTw4A=="],

    "@tauri-apps/cli-win32-ia32-msvc": ["@tauri-apps/cli-win32-ia32-msvc@2.2.7", "", { "os": "win32", "cpu": "ia32" }, "sha512-EiJ5/25tLSQOSGvv+t6o3ZBfOTKB5S3vb+hHQuKbfmKdRF0XQu2YPdIi1CQw1DU97ZAE0Dq4frvnyYEKWgMzVQ=="],

    "@tauri-apps/cli-win32-x64-msvc": ["@tauri-apps/cli-win32-x64-msvc@2.2.7", "", { "os": "win32", "cpu": "x64" }, "sha512-ZB8Kw90j8Ld+9tCWyD2fWCYfIrzbQohJ4DJSidNwbnehlZzP7wAz6Z3xjsvUdKtQ3ibtfoeTqVInzCCEpI+pWg=="],

    "hono": ["hono@4.6.20", "", {}, "sha512-5qfNQeaIptMaJKyoJ6N/q4gIq0DBp2FCRaLNuUI3LlJKL4S37DY/rLL1uAxA4wrPB39tJ3s+f7kgI79O4ScSug=="],

    "typescript": ["typescript@5.6.3", "", { "bin": { "tsc": "bin/tsc", "tsserver": "bin/tsserver" } }, "sha512-hjcS1mhfuyi4WW8IWtjP7brDrG2cuDZukyrYrSauoXGNgx0S7zceP07adYkJycEr56BOUTNPzbInooiN3fn1qw=="],
  }
}
