{
  "name": "screenpipe",
  "lockfileVersion": 3,
  "requires": true,
  "packages": {
    "": {
      "dependencies": {
        "undici": "^6.6.2"
      }
    },
    "node_modules/undici": {
      "version": "6.21.2",
      "resolved": "https://registry.npmjs.org/undici/-/undici-6.21.2.tgz",
      "integrity": "sha512-uROZWze0R0itiAKVPsYhFov9LxrPMHLMEQFszeI2gCN6bnIIZ8twzBCJcN2LJrBBLfrP0t1FW0g+JmKVl8Vk1g==",
      "license": "MIT",
      "engines": {
        "node": ">=18.17"
      }
    }
  }
}
