{
    "name": "pipe-stream-ocr-text",
    "lockfileVersion": 3,
    "requires": true,
    "packages": {
        "": {
            "dependencies": {
                "@types/node": "^22.6.1"
            }
        },
        "node_modules/@types/node": {
            "version": "22.6.1",
            "resolved": "https://registry.npmjs.org/@types/node/-/node-22.6.1.tgz",
            "integrity": "sha512-V48tCfcKb/e6cVUigLAaJDAILdMP0fUW6BidkPK4GpGjXcfbnoHasCZDwz3N3yVt5we2RHm4XTQCpv0KJz9zqw==",
            "dependencies": {
                "undici-types": "~6.19.2"
            }
        },
        "node_modules/undici-types": {
            "version": "6.19.8",
            "resolved": "https://registry.npmjs.org/undici-types/-/undici-types-6.19.8.tgz",
            "integrity": "sha512-ve2KP6f/JnbPBFyobGHuerC9g1FYGn/F8n1LWTwNxCEzd6IfqTwUQcNXgEtmmQ6DlRrC1hrSrBnCZPokRrDHjw=="
        }
    }
}
