{
  "version": "4",
  "specifiers": {
    "npm:@linear/sdk@*": "31.0.0_graphql@15.9.0",
    "npm:@types/node@*": "22.5.4",
    "npm:ai@*": "3.4.9_zod@3.23.8",
    "npm:ollama-ai-provider@*": "0.15.2_zod@3.23.8",
    "npm:zod@*": "3.23.8"
  },
  "npm": {
    "@ai-sdk/provider-utils@1.0.20_zod@3.23.8": {
      "integrity": "sha512-ngg/RGpnA00eNOWEtXHenpX1MsM2QshQh4QJFjUfwcqHpM5kTfG7je7Rc3HcEDP+OkRVv2GF+X4fC1Vfcnl8Ow==",
      "dependencies": [
        "@ai-sdk/provider",
        "eventsource-parser",
        "nanoid@3.3.6",
        "secure-json-parse",
        "zod"
      ]
    },
    "@ai-sdk/provider@0.0.24": {
      "integrity": "sha512-XMsNGJdGO+L0cxhhegtqZ8+T6nn4EoShS819OvCgI2kLbYTIvk0GWFGD0AXJmxkxs3DrpsJxKAFukFR7bvTkgQ==",
      "dependencies": [
        "json-schema"
      ]
    },
    "@ai-sdk/react@0.0.62_zod@3.23.8": {
      "integrity": "sha512-1asDpxgmeHWL0/EZPCLENxfOHT+0jce0z/zasRhascodm2S6f6/KZn5doLG9jdmarcb+GjMjFmmwyOVXz3W1xg==",
      "dependencies": [
        "@ai-sdk/provider-utils",
        "@ai-sdk/ui-utils",
        "swr",
        "zod"
      ]
    },
    "@ai-sdk/solid@0.0.49_zod@3.23.8": {
      "integrity": "sha512-KnfWTt640cS1hM2fFIba8KHSPLpOIWXtEm28pNCHTvqasVKlh2y/zMQANTwE18pF2nuXL9P9F5/dKWaPsaEzQw==",
      "dependencies": [
        "@ai-sdk/provider-utils",
        "@ai-sdk/ui-utils"
      ]
    },
    "@ai-sdk/svelte@0.0.51_zod@3.23.8": {
      "integrity": "sha512-aIZJaIds+KpCt19yUDCRDWebzF/17GCY7gN9KkcA2QM6IKRO5UmMcqEYja0ZmwFQPm1kBZkF2njhr8VXis2mAw==",
      "dependencies": [
        "@ai-sdk/provider-utils",
        "@ai-sdk/ui-utils",
        "sswr"
      ]
    },
    "@ai-sdk/ui-utils@0.0.46_zod@3.23.8": {
      "integrity": "sha512-ZG/wneyJG+6w5Nm/hy1AKMuRgjPQToAxBsTk61c9sVPUTaxo+NNjM2MhXQMtmsja2N5evs8NmHie+ExEgpL3cA==",
      "dependencies": [
        "@ai-sdk/provider",
        "@ai-sdk/provider-utils",
        "json-schema",
        "secure-json-parse",
        "zod",
        "zod-to-json-schema"
      ]
    },
    "@ai-sdk/vue@0.0.54_zod@3.23.8": {
      "integrity": "sha512-Ltu6gbuii8Qlp3gg7zdwdnHdS4M8nqKDij2VVO1223VOtIFwORFJzKqpfx44U11FW8z2TPVBYN+FjkyVIcN2hg==",
      "dependencies": [
        "@ai-sdk/provider-utils",
        "@ai-sdk/ui-utils",
        "swrv"
      ]
    },
    "@ampproject/remapping@2.3.0": {
      "integrity": "sha512-30iZtAPgz+LTIYoeivqYo853f02jBYSd5uGnGpkFV0M3xOt9aN73erkgYAmZU43x4VfqcnLxW9Kpg3R5LC4YYw==",
      "dependencies": [
        "@jridgewell/gen-mapping",
        "@jridgewell/trace-mapping"
      ]
    },
    "@babel/helper-string-parser@7.25.7": {
      "integrity": "sha512-CbkjYdsJNHFk8uqpEkpCvRs3YRp9tY6FmFY7wLMSYuGYkrdUi7r2lc4/wqsvlHoMznX3WJ9IP8giGPq68T/Y6g=="
    },
    "@babel/helper-validator-identifier@7.25.7": {
      "integrity": "sha512-AM6TzwYqGChO45oiuPqwL2t20/HdMC1rTPAesnBCgPCSF1x3oN9MVUwQV2iyz4xqWrctwK5RNC8LV22kaQCNYg=="
    },
    "@babel/parser@7.25.8": {
      "integrity": "sha512-HcttkxzdPucv3nNFmfOOMfFf64KgdJVqm1KaCm25dPGMLElo9nsLvXeJECQg8UzPuBGLyTSA0ZzqCtDSzKTEoQ==",
      "dependencies": [
        "@babel/types"
      ]
    },
    "@babel/types@7.25.8": {
      "integrity": "sha512-JWtuCu8VQsMladxVz/P4HzHUGCAwpuqacmowgXFs5XjxIgKuNjnLokQzuVjlTvIzODaDmpjT3oxcC48vyk9EWg==",
      "dependencies": [
        "@babel/helper-string-parser",
        "@babel/helper-validator-identifier",
        "to-fast-properties"
      ]
    },
    "@graphql-typed-document-node/core@3.2.0_graphql@15.9.0": {
      "integrity": "sha512-mB9oAsNCm9aM3/SOv4YtBMqZbYj10R7dkq8byBqxGY/ncFwhf2oQzMV+LCRlWoDSEBJ3COiR1yeDvMtsoOsuFQ==",
      "dependencies": [
        "graphql"
      ]
    },
    "@jridgewell/gen-mapping@0.3.5": {
      "integrity": "sha512-IzL8ZoEDIBRWEzlCcRhOaCupYyN5gdIK+Q6fbFdPDg6HqX6jpkItn7DFIpW9LQzXG6Df9sA7+OKnq0qlz/GaQg==",
      "dependencies": [
        "@jridgewell/set-array",
        "@jridgewell/sourcemap-codec",
        "@jridgewell/trace-mapping"
      ]
    },
    "@jridgewell/resolve-uri@3.1.2": {
      "integrity": "sha512-bRISgCIjP20/tbWSPWMEi54QVPRZExkuD9lJL+UIxUKtwVJA8wW1Trb1jMs1RFXo1CBTNZ/5hpC9QvmKWdopKw=="
    },
    "@jridgewell/set-array@1.2.1": {
      "integrity": "sha512-R8gLRTZeyp03ymzP/6Lil/28tGeGEzhx1q2k703KGWRAI1VdvPIXdG70VJc2pAMw3NA6JKL5hhFu1sJX0Mnn/A=="
    },
    "@jridgewell/sourcemap-codec@1.5.0": {
      "integrity": "sha512-gv3ZRaISU3fjPAgNsriBRqGWQL6quFx04YMPW/zD8XMLsU32mhCCbfbO6KZFLjvYpCZ8zyDEgqsgf+PwPaM7GQ=="
    },
    "@jridgewell/trace-mapping@0.3.25": {
      "integrity": "sha512-vNk6aEwybGtawWmy/PzwnGDOjCkLWSD2wqvjGGAgOAwCGWySYXfYoxt00IJkTF+8Lb57DwOb3Aa0o9CApepiYQ==",
      "dependencies": [
        "@jridgewell/resolve-uri",
        "@jridgewell/sourcemap-codec"
      ]
    },
    "@linear/sdk@31.0.0_graphql@15.9.0": {
      "integrity": "sha512-51mKO/R5JBnQERDfg5uMryHGRyavUAkveIiHxxshItvEIwFVACJi8S7N2oabhSlqqNZf2rL0YlVokeRxd72s6A==",
      "dependencies": [
        "@graphql-typed-document-node/core",
        "graphql",
        "isomorphic-unfetch"
      ]
    },
    "@opentelemetry/api@1.9.0": {
      "integrity": "sha512-3giAOQvZiH5F9bMlMiv8+GSPMeqg0dbaeo58/0SlA9sxSqZhnUtxzX9/2FzyhS9sWQf5S0GJE0AKBrFqjpeYcg=="
    },
    "@types/diff-match-patch@1.0.36": {
      "integrity": "sha512-xFdR6tkm0MWvBfO8xXCSsinYxHcqkQUlcHeSpMC2ukzOb6lwQAfDmW+Qt0AvlGd8HpsS28qKsB+oPeJn9I39jg=="
    },
    "@types/estree@1.0.6": {
      "integrity": "sha512-AYnb1nQyY49te+VRAVgmzfcgjYS91mY5P0TKUDCLEM+gNnA+3T6rWITXRLYCpahpqSQbN5cE+gHpnPyXjHWxcw=="
    },
    "@types/node@22.5.4": {
      "integrity": "sha512-FDuKUJQm/ju9fT/SeX/6+gBzoPzlVCzfzmGkwKvRHQVxi4BntVbyIwf6a4Xn62mrvndLiml6z/UBXIdEVjQLXg==",
      "dependencies": [
        "undici-types"
      ]
    },
    "@vue/compiler-core@3.5.11": {
      "integrity": "sha512-PwAdxs7/9Hc3ieBO12tXzmTD+Ln4qhT/56S+8DvrrZ4kLDn4Z/AMUr8tXJD0axiJBS0RKIoNaR0yMuQB9v9Udg==",
      "dependencies": [
        "@babel/parser",
        "@vue/shared",
        "entities",
        "estree-walker@2.0.2",
        "source-map-js"
      ]
    },
    "@vue/compiler-dom@3.5.11": {
      "integrity": "sha512-pyGf8zdbDDRkBrEzf8p7BQlMKNNF5Fk/Cf/fQ6PiUz9at4OaUfyXW0dGJTo2Vl1f5U9jSLCNf0EZJEogLXoeew==",
      "dependencies": [
        "@vue/compiler-core",
        "@vue/shared"
      ]
    },
    "@vue/compiler-sfc@3.5.11": {
      "integrity": "sha512-gsbBtT4N9ANXXepprle+X9YLg2htQk1sqH/qGJ/EApl+dgpUBdTv3yP7YlR535uHZY3n6XaR0/bKo0BgwwDniw==",
      "dependencies": [
        "@babel/parser",
        "@vue/compiler-core",
        "@vue/compiler-dom",
        "@vue/compiler-ssr",
        "@vue/shared",
        "estree-walker@2.0.2",
        "magic-string",
        "postcss",
        "source-map-js"
      ]
    },
    "@vue/compiler-ssr@3.5.11": {
      "integrity": "sha512-P4+GPjOuC2aFTk1Z4WANvEhyOykcvEd5bIj2KVNGKGfM745LaXGr++5njpdBTzVz5pZifdlR1kpYSJJpIlSePA==",
      "dependencies": [
        "@vue/compiler-dom",
        "@vue/shared"
      ]
    },
    "@vue/reactivity@3.5.11": {
      "integrity": "sha512-Nqo5VZEn8MJWlCce8XoyVqHZbd5P2NH+yuAaFzuNSR96I+y1cnuUiq7xfSG+kyvLSiWmaHTKP1r3OZY4mMD50w==",
      "dependencies": [
        "@vue/shared"
      ]
    },
    "@vue/runtime-core@3.5.11": {
      "integrity": "sha512-7PsxFGqwfDhfhh0OcDWBG1DaIQIVOLgkwA5q6MtkPiDFjp5gohVnJEahSktwSFLq7R5PtxDKy6WKURVN1UDbzA==",
      "dependencies": [
        "@vue/reactivity",
        "@vue/shared"
      ]
    },
    "@vue/runtime-dom@3.5.11": {
      "integrity": "sha512-GNghjecT6IrGf0UhuYmpgaOlN7kxzQBhxWEn08c/SQDxv1yy4IXI1bn81JgEpQ4IXjRxWtPyI8x0/7TF5rPfYQ==",
      "dependencies": [
        "@vue/reactivity",
        "@vue/runtime-core",
        "@vue/shared",
        "csstype"
      ]
    },
    "@vue/server-renderer@3.5.11_vue@3.5.11": {
      "integrity": "sha512-cVOwYBxR7Wb1B1FoxYvtjJD8X/9E5nlH4VSkJy2uMA1MzYNdzAAB//l8nrmN9py/4aP+3NjWukf9PZ3TeWULaA==",
      "dependencies": [
        "@vue/compiler-ssr",
        "@vue/shared",
        "vue"
      ]
    },
    "@vue/shared@3.5.11": {
      "integrity": "sha512-W8GgysJVnFo81FthhzurdRAWP/byq3q2qIw70e0JWblzVhjgOMiC2GyovXrZTFQJnFVryYaKGP3Tc9vYzYm6PQ=="
    },
    "acorn@8.12.1": {
      "integrity": "sha512-tcpGyI9zbizT9JbV6oYE477V6mTlXvvi0T0G3SNIYE2apm/G5huBa1+K89VGeovbg+jycCrfhl3ADxErOuO6Jg=="
    },
    "ai@3.4.9_zod@3.23.8": {
      "integrity": "sha512-wmVzpIHNGjCEjIJ/3945a/DIkz+gwObjC767ZRgO8AmtIZMO5KqvqNr7n2KF+gQrCPCMC8fM1ICQFXSvBZnBlA==",
      "dependencies": [
        "@ai-sdk/provider",
        "@ai-sdk/provider-utils",
        "@ai-sdk/react",
        "@ai-sdk/solid",
        "@ai-sdk/svelte",
        "@ai-sdk/ui-utils",
        "@ai-sdk/vue",
        "@opentelemetry/api",
        "eventsource-parser",
        "json-schema",
        "jsondiffpatch",
        "nanoid@3.3.6",
        "secure-json-parse",
        "zod",
        "zod-to-json-schema"
      ]
    },
    "aria-query@5.3.2": {
      "integrity": "sha512-COROpnaoap1E2F000S62r6A60uHZnmlvomhfyT2DlTcrY1OrBKn2UhH7qn5wTC9zMvD0AY7csdPSNwKP+7WiQw=="
    },
    "axobject-query@4.1.0": {
      "integrity": "sha512-qIj0G9wZbMGNLjLmg1PT6v2mE9AH2zlnADJD/2tC6E00hgmhUOfEB6greHPAfLRSufHqROIUTkw6E+M3lH0PTQ=="
    },
    "chalk@5.3.0": {
      "integrity": "sha512-dLitG79d+GV1Nb/VYcCDFivJeK1hiukt9QjRNVOsUtTy1rR1YJsmpGGTZ3qJos+uw7WmWF4wUwBd9jxjocFC2w=="
    },
    "client-only@0.0.1": {
      "integrity": "sha512-IV3Ou0jSMzZrd3pZ48nLkT9DA7Ag1pnPzaiQhpW7c3RbcqqzvzzVu+L8gfqMp/8IM2MQtSiqaCxrrcfu8I8rMA=="
    },
    "code-red@1.0.4": {
      "integrity": "sha512-7qJWqItLA8/VPVlKJlFXU+NBlo/qyfs39aJcuMT/2ere32ZqvF5OSxgdM5xOfJJ7O429gg2HM47y8v9P+9wrNw==",
      "dependencies": [
        "@jridgewell/sourcemap-codec",
        "@types/estree",
        "acorn",
        "estree-walker@3.0.3",
        "periscopic"
      ]
    },
    "css-tree@2.3.1": {
      "integrity": "sha512-6Fv1DV/TYw//QF5IzQdqsNDjx/wc8TrMBZsqjL9eW01tWb7R7k/mq+/VXfJCl7SoD5emsJop9cOByJZfs8hYIw==",
      "dependencies": [
        "mdn-data",
        "source-map-js"
      ]
    },
    "csstype@3.1.3": {
      "integrity": "sha512-M1uQkMl8rQK/szD0LNhtqxIPLpimGm8sOBwU7lLnCpSbTyY3yeU1Vc7l4KT5zT4s/yOxHH5O7tIuuLOCnLADRw=="
    },
    "diff-match-patch@1.0.5": {
      "integrity": "sha512-IayShXAgj/QMXgB0IWmKx+rOPuGMhqm5w6jvFxmVenXKIzRqTAAsbBPT3kWQeGANj3jGgvcvv4yK6SxqYmikgw=="
    },
    "entities@4.5.0": {
      "integrity": "sha512-V0hjH4dGPh9Ao5p0MoRY6BVqtwCjhz6vI5LT8AJ55H+4g9/4vbHx1I54fS0XuclLhDHArPQCiMjDxjaL8fPxhw=="
    },
    "estree-walker@2.0.2": {
      "integrity": "sha512-Rfkk/Mp/DL7JVje3u18FxFujQlTNR2q6QfMSMB7AvCBx91NGj/ba3kCfza0f6dVDbw7YlRf/nDrn7pQrCCyQ/w=="
    },
    "estree-walker@3.0.3": {
      "integrity": "sha512-7RUKfXgSMMkzt6ZuXmqapOurLGPPfgj6l9uRZ7lRGolvk0y2yocc35LdcxKC5PQZdn2DMqioAQ2NoWcrTKmm6g==",
      "dependencies": [
        "@types/estree"
      ]
    },
    "eventsource-parser@1.1.2": {
      "integrity": "sha512-v0eOBUbiaFojBu2s2NPBfYUoRR9GjcDNvCXVaqEf5vVfpIAh9f8RCo4vXTP8c63QRKCFwoLpMpTdPwwhEKVgzA=="
    },
    "graphql@15.9.0": {
      "integrity": "sha512-GCOQdvm7XxV1S4U4CGrsdlEN37245eC8P9zaYCMr6K1BG0IPGy5lUwmJsEOGyl1GD6HXjOtl2keCP9asRBwNvA=="
    },
    "is-reference@3.0.2": {
      "integrity": "sha512-v3rht/LgVcsdZa3O2Nqs+NMowLOxeOm7Ay9+/ARQ2F+qEoANRcqrjAZKGN0v8ymUetZGgkp26LTnGT7H0Qo9Pg==",
      "dependencies": [
        "@types/estree"
      ]
    },
    "isomorphic-unfetch@3.1.0": {
      "integrity": "sha512-geDJjpoZ8N0kWexiwkX8F9NkTsXhetLPVbZFQ+JTW239QNOwvB0gniuR1Wc6f0AMTn7/mFGyXvHTifrCp/GH8Q==",
      "dependencies": [
        "node-fetch",
        "unfetch"
      ]
    },
    "js-tokens@4.0.0": {
      "integrity": "sha512-RdJUflcE3cUzKiMqQgsCu06FPu9UdIJO0beYbPhHN4k6apgJtifcoCtT9bcxOpYBtpD2kCM6Sbzg4CausW/PKQ=="
    },
    "json-schema@0.4.0": {
      "integrity": "sha512-es94M3nTIfsEPisRafak+HDLfHXnKBhV3vU5eqPcS3flIWqcxJWgXHXiey3YrpaNsanY5ei1VoYEbOzijuq9BA=="
    },
    "jsondiffpatch@0.6.0": {
      "integrity": "sha512-3QItJOXp2AP1uv7waBkao5nCvhEv+QmJAd38Ybq7wNI74Q+BBmnLn4EDKz6yI9xGAIQoUF87qHt+kc1IVxB4zQ==",
      "dependencies": [
        "@types/diff-match-patch",
        "chalk",
        "diff-match-patch"
      ]
    },
    "locate-character@3.0.0": {
      "integrity": "sha512-SW13ws7BjaeJ6p7Q6CO2nchbYEc3X3J6WrmTTDto7yMPqVSZTUyY5Tjbid+Ab8gLnATtygYtiDIJGQRRn2ZOiA=="
    },
    "loose-envify@1.4.0": {
      "integrity": "sha512-lyuxPGr/Wfhrlem2CL/UcnUc1zcqKAImBDzukY7Y5F/yQiNdko6+fRLevlw1HgMySw7f611UIY408EtxRSoK3Q==",
      "dependencies": [
        "js-tokens"
      ]
    },
    "magic-string@0.30.11": {
      "integrity": "sha512-+Wri9p0QHMy+545hKww7YAu5NyzF8iomPL/RQazugQ9+Ez4Ic3mERMd8ZTX5rfK944j+560ZJi8iAwgak1Ac7A==",
      "dependencies": [
        "@jridgewell/sourcemap-codec"
      ]
    },
    "mdn-data@2.0.30": {
      "integrity": "sha512-GaqWWShW4kv/G9IEucWScBx9G1/vsFZZJUO+tD26M8J8z3Kw5RDQjaoZe03YAClgeS/SWPOcb4nkFBTEi5DUEA=="
    },
    "nanoid@3.3.6": {
      "integrity": "sha512-BGcqMMJuToF7i1rt+2PWSNVnWIkGCU78jBG3RxO/bZlnZPK2Cmi2QaffxGO/2RvWi9sL+FAiRiXMgsyxQ1DIDA=="
    },
    "nanoid@3.3.7": {
      "integrity": "sha512-eSRppjcPIatRIMC1U6UngP8XFcz8MQWGQdt1MTBQ7NaAmvXDfvNxbvWV3x2y6CdEUciCSsDHDQZbhYaB8QEo2g=="
    },
    "node-fetch@2.7.0": {
      "integrity": "sha512-c4FRfUm/dbcWZ7U+1Wq0AwCyFL+3nt2bEw05wfxSz+DWpWsitgmSgYmy2dQdWyKC1694ELPqMs/YzUSNozLt8A==",
      "dependencies": [
        "whatwg-url"
      ]
    },
    "ollama-ai-provider@0.15.2_zod@3.23.8": {
      "integrity": "sha512-bMDUlYmohulD87Xrv6meuftQdmFTygtrQywy6/gqdf1bTsJFP1VCx3MrisLFBzb4mMOj02NER7yZhiGIlAx30w==",
      "dependencies": [
        "@ai-sdk/provider",
        "@ai-sdk/provider-utils",
        "partial-json",
        "zod"
      ]
    },
    "partial-json@0.1.7": {
      "integrity": "sha512-Njv/59hHaokb/hRUjce3Hdv12wd60MtM9Z5Olmn+nehe0QDAsRtRbJPvJ0Z91TusF0SuZRIvnM+S4l6EIP8leA=="
    },
    "periscopic@3.1.0": {
      "integrity": "sha512-vKiQ8RRtkl9P+r/+oefh25C3fhybptkHKCZSPlcXiJux2tJF55GnEj3BVn4A5gKfq9NWWXXrxkHBwVPUfH0opw==",
      "dependencies": [
        "@types/estree",
        "estree-walker@3.0.3",
        "is-reference"
      ]
    },
    "picocolors@1.1.0": {
      "integrity": "sha512-TQ92mBOW0l3LeMeyLV6mzy/kWr8lkd/hp3mTg7wYK7zJhuBStmGMBG0BdeDZS/dZx1IukaX6Bk11zcln25o1Aw=="
    },
    "postcss@8.4.47": {
      "integrity": "sha512-56rxCq7G/XfB4EkXq9Egn5GCqugWvDFjafDOThIdMBsI15iqPqR5r15TfSr1YPYeEI19YeaXMCbY6u88Y76GLQ==",
      "dependencies": [
        "nanoid@3.3.7",
        "picocolors",
        "source-map-js"
      ]
    },
    "react@18.3.1": {
      "integrity": "sha512-wS+hAgJShR0KhEvPJArfuPVN1+Hz1t0Y6n5jLrGQbkb4urgPE/0Rve+1kMB1v/oWgHgm4WIcV+i7F2pTVj+2iQ==",
      "dependencies": [
        "loose-envify"
      ]
    },
    "secure-json-parse@2.7.0": {
      "integrity": "sha512-6aU+Rwsezw7VR8/nyvKTx8QpWH9FrcYiXXlqC4z5d5XQBDRqtbfsRjnwGyqbi3gddNtWHuEk9OANUotL26qKUw=="
    },
    "source-map-js@1.2.1": {
      "integrity": "sha512-UXWMKhLOwVKb728IUtQPXxfYU+usdybtUrK/8uGE8CQMvrhOpwvzDBwj0QhSL7MQc7vIsISBG8VQ8+IDQxpfQA=="
    },
    "sswr@2.1.0_svelte@4.2.19": {
      "integrity": "sha512-Cqc355SYlTAaUt8iDPaC/4DPPXK925PePLMxyBKuWd5kKc5mwsG3nT9+Mq2tyguL5s7b4Jg+IRMpTRsNTAfpSQ==",
      "dependencies": [
        "svelte",
        "swrev"
      ]
    },
    "svelte@4.2.19": {
      "integrity": "sha512-IY1rnGr6izd10B0A8LqsBfmlT5OILVuZ7XsI0vdGPEvuonFV7NYEUK4dAkm9Zg2q0Um92kYjTpS1CAP3Nh/KWw==",
      "dependencies": [
        "@ampproject/remapping",
        "@jridgewell/sourcemap-codec",
        "@jridgewell/trace-mapping",
        "@types/estree",
        "acorn",
        "aria-query",
        "axobject-query",
        "code-red",
        "css-tree",
        "estree-walker@3.0.3",
        "is-reference",
        "locate-character",
        "magic-string",
        "periscopic"
      ]
    },
    "swr@2.2.5_react@18.3.1": {
      "integrity": "sha512-QtxqyclFeAsxEUeZIYmsaQ0UjimSq1RZ9Un7I68/0ClKK/U3LoyQunwkQfJZr2fc22DfIXLNDc2wFyTEikCUpg==",
      "dependencies": [
        "client-only",
        "react",
        "use-sync-external-store"
      ]
    },
    "swrev@4.0.0": {
      "integrity": "sha512-LqVcOHSB4cPGgitD1riJ1Hh4vdmITOp+BkmfmXRh4hSF/t7EnS4iD+SOTmq7w5pPm/SiPeto4ADbKS6dHUDWFA=="
    },
    "swrv@1.0.4_vue@3.5.11": {
      "integrity": "sha512-zjEkcP8Ywmj+xOJW3lIT65ciY/4AL4e/Or7Gj0MzU3zBJNMdJiT8geVZhINavnlHRMMCcJLHhraLTAiDOTmQ9g==",
      "dependencies": [
        "vue"
      ]
    },
    "to-fast-properties@2.0.0": {
      "integrity": "sha512-/OaKK0xYrs3DmxRYqL/yDc+FxFUVYhDlXMhRmv3z915w2HF1tnN1omB354j8VUGO/hbRzyD6Y3sA7v7GS/ceog=="
    },
    "tr46@0.0.3": {
      "integrity": "sha512-N3WMsuqV66lT30CrXNbEjx4GEwlow3v6rr4mCcv6prnfwhS01rkgyFdjPNBYd9br7LpXV1+Emh01fHnq2Gdgrw=="
    },
    "undici-types@6.19.8": {
      "integrity": "sha512-ve2KP6f/JnbPBFyobGHuerC9g1FYGn/F8n1LWTwNxCEzd6IfqTwUQcNXgEtmmQ6DlRrC1hrSrBnCZPokRrDHjw=="
    },
    "unfetch@4.2.0": {
      "integrity": "sha512-F9p7yYCn6cIW9El1zi0HI6vqpeIvBsr3dSuRO6Xuppb1u5rXpCPmMvLSyECLhybr9isec8Ohl0hPekMVrEinDA=="
    },
    "use-sync-external-store@1.2.2_react@18.3.1": {
      "integrity": "sha512-PElTlVMwpblvbNqQ82d2n6RjStvdSoNe9FG28kNfz3WiXilJm4DdNkEzRhCZuIDwY8U08WVihhGR5iRqAwfDiw==",
      "dependencies": [
        "react"
      ]
    },
    "vue@3.5.11": {
      "integrity": "sha512-/8Wurrd9J3lb72FTQS7gRMNQD4nztTtKPmuDuPuhqXmmpD6+skVjAeahNpVzsuky6Sy9gy7wn8UadqPtt9SQIg==",
      "dependencies": [
        "@vue/compiler-dom",
        "@vue/compiler-sfc",
        "@vue/runtime-dom",
        "@vue/server-renderer",
        "@vue/shared"
      ]
    },
    "webidl-conversions@3.0.1": {
      "integrity": "sha512-2JAn3z8AR6rjK8Sm8orRC0h/bcl/DqL7tRPdGZ4I1CjdF+EaMLmYxBHyXuKL849eucPFhvBoxMsflfOb8kxaeQ=="
    },
    "whatwg-url@5.0.0": {
      "integrity": "sha512-saE57nupxk6v3HY35+jzBwYa0rKSy0XR8JSxZPwgLr7ys0IBzhGviA1/TUGJLmSVqs8pb9AnvICXEuOHLprYTw==",
      "dependencies": [
        "tr46",
        "webidl-conversions"
      ]
    },
    "zod-to-json-schema@3.23.2_zod@3.23.8": {
      "integrity": "sha512-uSt90Gzc/tUfyNqxnjlfBs8W6WSGpNBv0rVsNxP/BVSMHMKGdthPYff4xtCHYloJGM0CFxFsb3NbC0eqPhfImw==",
      "dependencies": [
        "zod"
      ]
    },
    "zod@3.23.8": {
      "integrity": "sha512-XBx9AXhXktjUqnepgTiE5flcKIYWi/rme0Eaj+5Y0lftuGBq+jyRu/md4WnuxqgP1ubdpNCsYEYPxrzVHD8d6g=="
    }
  },
  "remote": {
    "https://raw.githubusercontent.com/mediar-ai/screenpipe/deno-thru-cli/screenpipe-js/main.ts": "b18e7291d9336bac7c3423b5192acae65580fd08bf2ced8ddd3332d576063e46"
  }
}
